
Microsoft Visual Studio Solution File, Format Version 12.00
# Visual Studio Version 17
VisualStudioVersion = 17.3.32901.215
MinimumVisualStudioVersion = 10.0.40219.1
Project("{9A19103F-16F7-4668-BE54-9A1E7A4F7556}") = "DAY4_ObjectOriented", "DAY_ObjectOriented\DAY4_ObjectOriented.csproj", "{815BA35C-34D7-478E-BF43-1477223EB88A}"
EndProject
Global
	GlobalSection(SolutionConfigurationPlatforms) = preSolution
		Debug|Any CPU = Debug|Any CPU
		Release|Any CPU = Release|Any CPU
	EndGlobalSection
	GlobalSection(ProjectConfigurationPlatforms) = postSolution
		{815BA35C-34D7-478E-BF43-1477223EB88A}.Debug|Any CPU.ActiveCfg = Debug|Any CPU
		{815BA35C-34D7-478E-BF43-1477223EB88A}.Debug|Any CPU.Build.0 = Debug|Any CPU
		{815BA35C-34D7-478E-BF43-1477223EB88A}.Release|Any CPU.ActiveCfg = Release|Any CPU
		{815BA35C-34D7-478E-BF43-1477223EB88A}.Release|Any CPU.Build.0 = Release|Any CPU
	EndGlobalSection
	GlobalSection(SolutionProperties) = preSolution
		HideSolutionNode = FALSE
	EndGlobalSection
	GlobalSection(ExtensibilityGlobals) = postSolution
		SolutionGuid = {3708E769-A226-4066-8CEF-55395EE96447}
	EndGlobalSection
EndGlobal
